{
  "name": "@argenalimbaev/template-agent",
  "version": "1.0.3",
  "lockfileVersion": 3,
  "requires": true,
  "packages": {
    "": {
      "name": "@argenalimbaev/template-agent",
      "version": "1.0.3",
      "bin": {
        "template-agent": "bin/template-agent.mjs"
      },
      "engines": {
        "node": ">=22.14.0"
      }
    }
  }
}
